
Microsoft Visual Studio Solution File, Format Version 12.00
# Visual Studio Version 16
VisualStudioVersion = 16.0.33920.266
MinimumVisualStudioVersion = 10.0.40219.1
Project("{FAE04EC0-301F-11D3-BF4B-00C04F79EFBC}") = "ch16_3_2", "ch16_3_2\ch16_3_2.csproj", "{FD3CDA55-D794-4438-896B-5B35A621B31F}"
EndProject
Global
	GlobalSection(SolutionConfigurationPlatforms) = preSolution
		Debug|Any CPU = Debug|Any CPU
		Release|Any CPU = Release|Any CPU
	EndGlobalSection
	GlobalSection(ProjectConfigurationPlatforms) = postSolution
		{FD3CDA55-D794-4438-896B-5B35A621B31F}.Debug|Any CPU.ActiveCfg = Debug|Any CPU
		{FD3CDA55-D794-4438-896B-5B35A621B31F}.Debug|Any CPU.Build.0 = Debug|Any CPU
		{FD3CDA55-D794-4438-896B-5B35A621B31F}.Release|Any CPU.ActiveCfg = Release|Any CPU
		{FD3CDA55-D794-4438-896B-5B35A621B31F}.Release|Any CPU.Build.0 = Release|Any CPU
	EndGlobalSection
	GlobalSection(SolutionProperties) = preSolution
		HideSolutionNode = FALSE
	EndGlobalSection
	GlobalSection(ExtensibilityGlobals) = postSolution
		SolutionGuid = {6B55DB3C-36A5-44A6-9E28-504D2CDF935A}
	EndGlobalSection
EndGlobal
